
Microsoft Visual Studio Solution File, Format Version 12.00
# Visual Studio Version 16
VisualStudioVersion = 16.0.29201.188
MinimumVisualStudioVersion = 10.0.40219.1
Project("{FAE04EC0-301F-11D3-BF4B-00C04F79EFBC}") = "AETL-Uploader", "AETL-Uploader.csproj", "{97567FAA-4EC8-4AD7-AD4C-DC392D1894AA}"
EndProject
Global
	GlobalSection(SolutionConfigurationPlatforms) = preSolution
		Debug|Any CPU = Debug|Any CPU
		Release|Any CPU = Release|Any CPU
	EndGlobalSection
	GlobalSection(ProjectConfigurationPlatforms) = postSolution
		{97567FAA-4EC8-4AD7-AD4C-DC392D1894AA}.Debug|Any CPU.ActiveCfg = Debug|Any CPU
		{97567FAA-4EC8-4AD7-AD4C-DC392D1894AA}.Debug|Any CPU.Build.0 = Debug|Any CPU
		{97567FAA-4EC8-4AD7-AD4C-DC392D1894AA}.Release|Any CPU.ActiveCfg = Release|Any CPU
		{97567FAA-4EC8-4AD7-AD4C-DC392D1894AA}.Release|Any CPU.Build.0 = Release|Any CPU
	EndGlobalSection
	GlobalSection(SolutionProperties) = preSolution
		HideSolutionNode = FALSE
	EndGlobalSection
	GlobalSection(ExtensibilityGlobals) = postSolution
		SolutionGuid = {52219CDF-DCAF-4529-AF0B-CC0CB047F81E}
	EndGlobalSection
EndGlobal
